
Microsoft Visual Studio Solution File, Format Version 12.00
# Visual Studio Version 17
VisualStudioVersion = 17.9.34728.123
MinimumVisualStudioVersion = 10.0.40219.1
Project("{FAE04EC0-301F-11D3-BF4B-00C04F79EFBC}") = "ClinicAPI", "ClinicAPI.csproj", "{1703697B-94E8-44B1-9F5E-78FB63570841}"
EndProject
Global
	GlobalSection(SolutionConfigurationPlatforms) = preSolution
		Debug|Any CPU = Debug|Any CPU
		Release|Any CPU = Release|Any CPU
	EndGlobalSection
	GlobalSection(ProjectConfigurationPlatforms) = postSolution
		{1703697B-94E8-44B1-9F5E-78FB63570841}.Debug|Any CPU.ActiveCfg = Debug|Any CPU
		{1703697B-94E8-44B1-9F5E-78FB63570841}.Debug|Any CPU.Build.0 = Debug|Any CPU
		{1703697B-94E8-44B1-9F5E-78FB63570841}.Release|Any CPU.ActiveCfg = Release|Any CPU
		{1703697B-94E8-44B1-9F5E-78FB63570841}.Release|Any CPU.Build.0 = Release|Any CPU
	EndGlobalSection
	GlobalSection(SolutionProperties) = preSolution
		HideSolutionNode = FALSE
	EndGlobalSection
	GlobalSection(ExtensibilityGlobals) = postSolution
		SolutionGuid = {AA646D7E-A718-46A4-9AC2-026C52B6B05A}
	EndGlobalSection
EndGlobal
